
Microsoft Visual Studio Solution File, Format Version 12.00
# Visual Studio 15
VisualStudioVersion = 15.0.26228.9
MinimumVisualStudioVersion = 10.0.40219.1
Project("{FAE04EC0-301F-11D3-BF4B-00C04F79EFBC}") = "SteamWebAPI", "SteamWebAPI-master\SteamWebAPI.csproj", "{D846D108-D95B-4488-BA01-E487DA220C17}"
EndProject
Project("{FAE04EC0-301F-11D3-BF4B-00C04F79EFBC}") = "Launcher", "Renegade X Launcher\Launcher.csproj", "{DF79C6AB-E013-4211-8983-C9A97984AB49}"
EndProject
Project("{FAE04EC0-301F-11D3-BF4B-00C04F79EFBC}") = "RXPatchLib", "RXPatchLib\RXPatchLib.csproj", "{E465D232-EE02-495D-8391-BFDAFE350CF0}"
EndProject
Project("{FAE04EC0-301F-11D3-BF4B-00C04F79EFBC}") = "RXPatchLibTest", "RXPatchLibTest\RXPatchLibTest.csproj", "{C5F6C8DF-3CFF-4757-A4F7-FD99E8893A2B}"
EndProject
Project("{FAE04EC0-301F-11D3-BF4B-00C04F79EFBC}") = "RXPatch", "RXPatch\RXPatch.csproj", "{C7CBDC5B-4A80-4F54-8239-F416C9AC5ED2}"
EndProject
Project("{930C7802-8A8C-48F9-8165-68863BCCD9DD}") = "Renegade X Installer", "Renegade X Installer\Renegade X Installer.wixproj", "{1081A06F-6D2C-46A8-8EEC-E30C54E29093}"
	ProjectSection(ProjectDependencies) = postProject
		{D846D108-D95B-4488-BA01-E487DA220C17} = {D846D108-D95B-4488-BA01-E487DA220C17}
		{E465D232-EE02-495D-8391-BFDAFE350CF0} = {E465D232-EE02-495D-8391-BFDAFE350CF0}
		{C7CBDC5B-4A80-4F54-8239-F416C9AC5ED2} = {C7CBDC5B-4A80-4F54-8239-F416C9AC5ED2}
		{DF79C6AB-E013-4211-8983-C9A97984AB49} = {DF79C6AB-E013-4211-8983-C9A97984AB49}
		{407A95B5-B682-4785-9813-49B5FB614C8E} = {407A95B5-B682-4785-9813-49B5FB614C8E}
	EndProjectSection
EndProject
Project("{FAE04EC0-301F-11D3-BF4B-00C04F79EFBC}") = "RxLogger", "RxLogger\RxLogger.csproj", "{407A95B5-B682-4785-9813-49B5FB614C8E}"
EndProject
Project("{FAE04EC0-301F-11D3-BF4B-00C04F79EFBC}") = "SelfUpdateExecutor", "SelfUpdateExecutor\SelfUpdateExecutor.csproj", "{07AA9339-2F27-466D-A69A-FCB4E5B04F92}"
EndProject
Global
	GlobalSection(SolutionConfigurationPlatforms) = preSolution
		Debug|Any CPU = Debug|Any CPU
		Debug|x86 = Debug|x86
		Release|Any CPU = Release|Any CPU
		Release|x86 = Release|x86
	EndGlobalSection
	GlobalSection(ProjectConfigurationPlatforms) = postSolution
		{D846D108-D95B-4488-BA01-E487DA220C17}.Debug|Any CPU.ActiveCfg = Debug|Any CPU
		{D846D108-D95B-4488-BA01-E487DA220C17}.Debug|Any CPU.Build.0 = Debug|Any CPU
		{D846D108-D95B-4488-BA01-E487DA220C17}.Debug|x86.ActiveCfg = Debug|Any CPU
		{D846D108-D95B-4488-BA01-E487DA220C17}.Debug|x86.Build.0 = Debug|Any CPU
		{D846D108-D95B-4488-BA01-E487DA220C17}.Release|Any CPU.ActiveCfg = Release|Any CPU
		{D846D108-D95B-4488-BA01-E487DA220C17}.Release|Any CPU.Build.0 = Release|Any CPU
		{D846D108-D95B-4488-BA01-E487DA220C17}.Release|x86.ActiveCfg = Release|Any CPU
		{D846D108-D95B-4488-BA01-E487DA220C17}.Release|x86.Build.0 = Release|Any CPU
		{DF79C6AB-E013-4211-8983-C9A97984AB49}.Debug|Any CPU.ActiveCfg = Debug|Any CPU
		{DF79C6AB-E013-4211-8983-C9A97984AB49}.Debug|Any CPU.Build.0 = Debug|Any CPU
		{DF79C6AB-E013-4211-8983-C9A97984AB49}.Debug|x86.ActiveCfg = Debug|Any CPU
		{DF79C6AB-E013-4211-8983-C9A97984AB49}.Debug|x86.Build.0 = Debug|Any CPU
		{DF79C6AB-E013-4211-8983-C9A97984AB49}.Release|Any CPU.ActiveCfg = Release|Any CPU
		{DF79C6AB-E013-4211-8983-C9A97984AB49}.Release|Any CPU.Build.0 = Release|Any CPU
		{DF79C6AB-E013-4211-8983-C9A97984AB49}.Release|x86.ActiveCfg = Release|Any CPU
		{DF79C6AB-E013-4211-8983-C9A97984AB49}.Release|x86.Build.0 = Release|Any CPU
		{E465D232-EE02-495D-8391-BFDAFE350CF0}.Debug|Any CPU.ActiveCfg = Debug|Any CPU
		{E465D232-EE02-495D-8391-BFDAFE350CF0}.Debug|Any CPU.Build.0 = Debug|Any CPU
		{E465D232-EE02-495D-8391-BFDAFE350CF0}.Debug|x86.ActiveCfg = Debug|Any CPU
		{E465D232-EE02-495D-8391-BFDAFE350CF0}.Debug|x86.Build.0 = Debug|Any CPU
		{E465D232-EE02-495D-8391-BFDAFE350CF0}.Release|Any CPU.ActiveCfg = Release|Any CPU
		{E465D232-EE02-495D-8391-BFDAFE350CF0}.Release|Any CPU.Build.0 = Release|Any CPU
		{E465D232-EE02-495D-8391-BFDAFE350CF0}.Release|x86.ActiveCfg = Release|Any CPU
		{E465D232-EE02-495D-8391-BFDAFE350CF0}.Release|x86.Build.0 = Release|Any CPU
		{C5F6C8DF-3CFF-4757-A4F7-FD99E8893A2B}.Debug|Any CPU.ActiveCfg = Debug|Any CPU
		{C5F6C8DF-3CFF-4757-A4F7-FD99E8893A2B}.Debug|Any CPU.Build.0 = Debug|Any CPU
		{C5F6C8DF-3CFF-4757-A4F7-FD99E8893A2B}.Debug|x86.ActiveCfg = Debug|Any CPU
		{C5F6C8DF-3CFF-4757-A4F7-FD99E8893A2B}.Debug|x86.Build.0 = Debug|Any CPU
		{C5F6C8DF-3CFF-4757-A4F7-FD99E8893A2B}.Release|Any CPU.ActiveCfg = Release|Any CPU
		{C5F6C8DF-3CFF-4757-A4F7-FD99E8893A2B}.Release|Any CPU.Build.0 = Release|Any CPU
		{C5F6C8DF-3CFF-4757-A4F7-FD99E8893A2B}.Release|x86.ActiveCfg = Release|Any CPU
		{C5F6C8DF-3CFF-4757-A4F7-FD99E8893A2B}.Release|x86.Build.0 = Release|Any CPU
		{C7CBDC5B-4A80-4F54-8239-F416C9AC5ED2}.Debug|Any CPU.ActiveCfg = Debug|Any CPU
		{C7CBDC5B-4A80-4F54-8239-F416C9AC5ED2}.Debug|Any CPU.Build.0 = Debug|Any CPU
		{C7CBDC5B-4A80-4F54-8239-F416C9AC5ED2}.Debug|x86.ActiveCfg = Debug|Any CPU
		{C7CBDC5B-4A80-4F54-8239-F416C9AC5ED2}.Debug|x86.Build.0 = Debug|Any CPU
		{C7CBDC5B-4A80-4F54-8239-F416C9AC5ED2}.Release|Any CPU.ActiveCfg = Release|Any CPU
		{C7CBDC5B-4A80-4F54-8239-F416C9AC5ED2}.Release|Any CPU.Build.0 = Release|Any CPU
		{C7CBDC5B-4A80-4F54-8239-F416C9AC5ED2}.Release|x86.ActiveCfg = Release|Any CPU
		{C7CBDC5B-4A80-4F54-8239-F416C9AC5ED2}.Release|x86.Build.0 = Release|Any CPU
		{1081A06F-6D2C-46A8-8EEC-E30C54E29093}.Debug|Any CPU.ActiveCfg = Debug|x86
		{1081A06F-6D2C-46A8-8EEC-E30C54E29093}.Debug|x86.ActiveCfg = Debug|x86
		{1081A06F-6D2C-46A8-8EEC-E30C54E29093}.Debug|x86.Build.0 = Debug|x86
		{1081A06F-6D2C-46A8-8EEC-E30C54E29093}.Release|Any CPU.ActiveCfg = Release|x86
		{1081A06F-6D2C-46A8-8EEC-E30C54E29093}.Release|Any CPU.Build.0 = Release|x86
		{1081A06F-6D2C-46A8-8EEC-E30C54E29093}.Release|x86.ActiveCfg = Release|x86
		{1081A06F-6D2C-46A8-8EEC-E30C54E29093}.Release|x86.Build.0 = Release|x86
		{407A95B5-B682-4785-9813-49B5FB614C8E}.Debug|Any CPU.ActiveCfg = Debug|Any CPU
		{407A95B5-B682-4785-9813-49B5FB614C8E}.Debug|Any CPU.Build.0 = Debug|Any CPU
		{407A95B5-B682-4785-9813-49B5FB614C8E}.Debug|x86.ActiveCfg = Debug|Any CPU
		{407A95B5-B682-4785-9813-49B5FB614C8E}.Debug|x86.Build.0 = Debug|Any CPU
		{407A95B5-B682-4785-9813-49B5FB614C8E}.Release|Any CPU.ActiveCfg = Release|Any CPU
		{407A95B5-B682-4785-9813-49B5FB614C8E}.Release|Any CPU.Build.0 = Release|Any CPU
		{407A95B5-B682-4785-9813-49B5FB614C8E}.Release|x86.ActiveCfg = Release|Any CPU
		{407A95B5-B682-4785-9813-49B5FB614C8E}.Release|x86.Build.0 = Release|Any CPU
		{07AA9339-2F27-466D-A69A-FCB4E5B04F92}.Debug|Any CPU.ActiveCfg = Debug|Any CPU
		{07AA9339-2F27-466D-A69A-FCB4E5B04F92}.Debug|Any CPU.Build.0 = Debug|Any CPU
		{07AA9339-2F27-466D-A69A-FCB4E5B04F92}.Debug|x86.ActiveCfg = Debug|Any CPU
		{07AA9339-2F27-466D-A69A-FCB4E5B04F92}.Debug|x86.Build.0 = Debug|Any CPU
		{07AA9339-2F27-466D-A69A-FCB4E5B04F92}.Release|Any CPU.ActiveCfg = Release|Any CPU
		{07AA9339-2F27-466D-A69A-FCB4E5B04F92}.Release|Any CPU.Build.0 = Release|Any CPU
		{07AA9339-2F27-466D-A69A-FCB4E5B04F92}.Release|x86.ActiveCfg = Release|Any CPU
		{07AA9339-2F27-466D-A69A-FCB4E5B04F92}.Release|x86.Build.0 = Release|Any CPU
	EndGlobalSection
	GlobalSection(SolutionProperties) = preSolution
		HideSolutionNode = FALSE
	EndGlobalSection
EndGlobal
